
Microsoft Visual Studio Solution File, Format Version 12.00
# Visual Studio Version 16
VisualStudioVersion = 16.0.30711.63
MinimumVisualStudioVersion = 10.0.40219.1
Project("{FAE04EC0-301F-11D3-BF4B-00C04F79EFBC}") = "LICZBY ROZMYTE", "LICZBY ROZMYTE.csproj", "{7545F365-A238-4C86-A7B8-9246FCB4EEBD}"
EndProject
Global
	GlobalSection(SolutionConfigurationPlatforms) = preSolution
		Debug|Any CPU = Debug|Any CPU
		Release|Any CPU = Release|Any CPU
	EndGlobalSection
	GlobalSection(ProjectConfigurationPlatforms) = postSolution
		{7545F365-A238-4C86-A7B8-9246FCB4EEBD}.Debug|Any CPU.ActiveCfg = Debug|Any CPU
		{7545F365-A238-4C86-A7B8-9246FCB4EEBD}.Debug|Any CPU.Build.0 = Debug|Any CPU
		{7545F365-A238-4C86-A7B8-9246FCB4EEBD}.Release|Any CPU.ActiveCfg = Release|Any CPU
		{7545F365-A238-4C86-A7B8-9246FCB4EEBD}.Release|Any CPU.Build.0 = Release|Any CPU
	EndGlobalSection
	GlobalSection(SolutionProperties) = preSolution
		HideSolutionNode = FALSE
	EndGlobalSection
	GlobalSection(ExtensibilityGlobals) = postSolution
		SolutionGuid = {12286268-61C0-420D-B563-84EC85DAB1B5}
	EndGlobalSection
EndGlobal
